
Microsoft Visual Studio Solution File, Format Version 12.00
# Visual Studio 15
VisualStudioVersion = 15.0.28307.1169
MinimumVisualStudioVersion = 10.0.40219.1
Project("{FAE04EC0-301F-11D3-BF4B-00C04F79EFBC}") = "NUnitTestProject1", "NUnitTestProject1\NUnitTestProject1.csproj", "{DE0BAE81-F903-4797-A1E8-C74FE59ABE66}"
EndProject
Global
	GlobalSection(SolutionConfigurationPlatforms) = preSolution
		Debug|Any CPU = Debug|Any CPU
		Release|Any CPU = Release|Any CPU
	EndGlobalSection
	GlobalSection(ProjectConfigurationPlatforms) = postSolution
		{DE0BAE81-F903-4797-A1E8-C74FE59ABE66}.Debug|Any CPU.ActiveCfg = Debug|Any CPU
		{DE0BAE81-F903-4797-A1E8-C74FE59ABE66}.Debug|Any CPU.Build.0 = Debug|Any CPU
		{DE0BAE81-F903-4797-A1E8-C74FE59ABE66}.Release|Any CPU.ActiveCfg = Release|Any CPU
		{DE0BAE81-F903-4797-A1E8-C74FE59ABE66}.Release|Any CPU.Build.0 = Release|Any CPU
	EndGlobalSection
	GlobalSection(SolutionProperties) = preSolution
		HideSolutionNode = FALSE
	EndGlobalSection
	GlobalSection(ExtensibilityGlobals) = postSolution
		SolutionGuid = {28941BB1-0FAB-4EF1-8588-A51E6FB6B052}
	EndGlobalSection
EndGlobal
