
Microsoft Visual Studio Solution File, Format Version 12.00
# Visual Studio 15
VisualStudioVersion = 15.0.28307.1169
MinimumVisualStudioVersion = 10.0.40219.1
Project("{FAE04EC0-301F-11D3-BF4B-00C04F79EFBC}") = "UNitTest", "UNitTest\UNitTest.csproj", "{E7F965F6-E9C4-4527-855F-9302C57C92B6}"
EndProject
Project("{FAE04EC0-301F-11D3-BF4B-00C04F79EFBC}") = "UnitTestFm", "UnitTestFm\UnitTestFm.csproj", "{7908A873-8504-4DB6-B8C8-E8598761E223}"
EndProject
Global
	GlobalSection(SolutionConfigurationPlatforms) = preSolution
		Debug|Any CPU = Debug|Any CPU
		Release|Any CPU = Release|Any CPU
	EndGlobalSection
	GlobalSection(ProjectConfigurationPlatforms) = postSolution
		{E7F965F6-E9C4-4527-855F-9302C57C92B6}.Debug|Any CPU.ActiveCfg = Debug|Any CPU
		{E7F965F6-E9C4-4527-855F-9302C57C92B6}.Debug|Any CPU.Build.0 = Debug|Any CPU
		{E7F965F6-E9C4-4527-855F-9302C57C92B6}.Release|Any CPU.ActiveCfg = Release|Any CPU
		{E7F965F6-E9C4-4527-855F-9302C57C92B6}.Release|Any CPU.Build.0 = Release|Any CPU
		{7908A873-8504-4DB6-B8C8-E8598761E223}.Debug|Any CPU.ActiveCfg = Debug|Any CPU
		{7908A873-8504-4DB6-B8C8-E8598761E223}.Debug|Any CPU.Build.0 = Debug|Any CPU
		{7908A873-8504-4DB6-B8C8-E8598761E223}.Release|Any CPU.ActiveCfg = Release|Any CPU
		{7908A873-8504-4DB6-B8C8-E8598761E223}.Release|Any CPU.Build.0 = Release|Any CPU
	EndGlobalSection
	GlobalSection(SolutionProperties) = preSolution
		HideSolutionNode = FALSE
	EndGlobalSection
	GlobalSection(ExtensibilityGlobals) = postSolution
		SolutionGuid = {28941BB1-0FAB-4EF1-8588-A51E6FB6B052}
	EndGlobalSection
EndGlobal
